
Microsoft Visual Studio Solution File, Format Version 12.00
# Visual Studio Version 17
VisualStudioVersion = 17.3.32819.101
MinimumVisualStudioVersion = 10.0.40219.1
Project("{FAE04EC0-301F-11D3-BF4B-00C04F79EFBC}") = "NexoPro.API", "NexoPro.API\NexoPro.API.csproj", "{1942D910-4E58-4D5B-90B2-6DB76E7AF861}"
EndProject
Project("{FAE04EC0-301F-11D3-BF4B-00C04F79EFBC}") = "NexoPro.API.Test", "NexoPro.API.Test\NexoPro.API.Test.csproj", "{B32E3763-8006-4550-A486-6A84CAC8307F}"
EndProject
Global
	GlobalSection(SolutionConfigurationPlatforms) = preSolution
		Debug|Any CPU = Debug|Any CPU
		Release|Any CPU = Release|Any CPU
	EndGlobalSection
	GlobalSection(ProjectConfigurationPlatforms) = postSolution
		{1942D910-4E58-4D5B-90B2-6DB76E7AF861}.Debug|Any CPU.ActiveCfg = Debug|Any CPU
		{1942D910-4E58-4D5B-90B2-6DB76E7AF861}.Debug|Any CPU.Build.0 = Debug|Any CPU
		{1942D910-4E58-4D5B-90B2-6DB76E7AF861}.Release|Any CPU.ActiveCfg = Release|Any CPU
		{1942D910-4E58-4D5B-90B2-6DB76E7AF861}.Release|Any CPU.Build.0 = Release|Any CPU
		{B32E3763-8006-4550-A486-6A84CAC8307F}.Debug|Any CPU.ActiveCfg = Debug|Any CPU
		{B32E3763-8006-4550-A486-6A84CAC8307F}.Debug|Any CPU.Build.0 = Debug|Any CPU
		{B32E3763-8006-4550-A486-6A84CAC8307F}.Release|Any CPU.ActiveCfg = Release|Any CPU
		{B32E3763-8006-4550-A486-6A84CAC8307F}.Release|Any CPU.Build.0 = Release|Any CPU
	EndGlobalSection
	GlobalSection(SolutionProperties) = preSolution
		HideSolutionNode = FALSE
	EndGlobalSection
	GlobalSection(ExtensibilityGlobals) = postSolution
		SolutionGuid = {5768DCBF-0437-40F2-8FEB-B272B46A439C}
	EndGlobalSection
EndGlobal
